
Microsoft Visual Studio Solution File, Format Version 12.00
# Visual Studio Version 16
VisualStudioVersion = 16.0.31729.503
MinimumVisualStudioVersion = 10.0.40219.1
Project("{FAE04EC0-301F-11D3-BF4B-00C04F79EFBC}") = "WebApp", "WebApp\WebApp.csproj", "{B2B89705-709C-47CF-9530-F60D9250442B}"
EndProject
Project("{FAE04EC0-301F-11D3-BF4B-00C04F79EFBC}") = "BD", "BD\BD.csproj", "{6E310D67-4E45-47CF-B22E-6DE1E41E10E7}"
EndProject
Project("{FAE04EC0-301F-11D3-BF4B-00C04F79EFBC}") = "Entity", "Entity\Entity.csproj", "{37475D85-15CD-41A2-88C2-292A8DC1E755}"
EndProject
Project("{FAE04EC0-301F-11D3-BF4B-00C04F79EFBC}") = "WBL", "WBL\WBL.csproj", "{CFC5BFFD-CDF5-4B18-9A69-ADFEABC7BD33}"
EndProject
Global
	GlobalSection(SolutionConfigurationPlatforms) = preSolution
		Debug|Any CPU = Debug|Any CPU
		Release|Any CPU = Release|Any CPU
	EndGlobalSection
	GlobalSection(ProjectConfigurationPlatforms) = postSolution
		{B2B89705-709C-47CF-9530-F60D9250442B}.Debug|Any CPU.ActiveCfg = Debug|Any CPU
		{B2B89705-709C-47CF-9530-F60D9250442B}.Debug|Any CPU.Build.0 = Debug|Any CPU
		{B2B89705-709C-47CF-9530-F60D9250442B}.Release|Any CPU.ActiveCfg = Release|Any CPU
		{B2B89705-709C-47CF-9530-F60D9250442B}.Release|Any CPU.Build.0 = Release|Any CPU
		{6E310D67-4E45-47CF-B22E-6DE1E41E10E7}.Debug|Any CPU.ActiveCfg = Debug|Any CPU
		{6E310D67-4E45-47CF-B22E-6DE1E41E10E7}.Debug|Any CPU.Build.0 = Debug|Any CPU
		{6E310D67-4E45-47CF-B22E-6DE1E41E10E7}.Release|Any CPU.ActiveCfg = Release|Any CPU
		{6E310D67-4E45-47CF-B22E-6DE1E41E10E7}.Release|Any CPU.Build.0 = Release|Any CPU
		{37475D85-15CD-41A2-88C2-292A8DC1E755}.Debug|Any CPU.ActiveCfg = Debug|Any CPU
		{37475D85-15CD-41A2-88C2-292A8DC1E755}.Debug|Any CPU.Build.0 = Debug|Any CPU
		{37475D85-15CD-41A2-88C2-292A8DC1E755}.Release|Any CPU.ActiveCfg = Release|Any CPU
		{37475D85-15CD-41A2-88C2-292A8DC1E755}.Release|Any CPU.Build.0 = Release|Any CPU
		{CFC5BFFD-CDF5-4B18-9A69-ADFEABC7BD33}.Debug|Any CPU.ActiveCfg = Debug|Any CPU
		{CFC5BFFD-CDF5-4B18-9A69-ADFEABC7BD33}.Debug|Any CPU.Build.0 = Debug|Any CPU
		{CFC5BFFD-CDF5-4B18-9A69-ADFEABC7BD33}.Release|Any CPU.ActiveCfg = Release|Any CPU
		{CFC5BFFD-CDF5-4B18-9A69-ADFEABC7BD33}.Release|Any CPU.Build.0 = Release|Any CPU
	EndGlobalSection
	GlobalSection(SolutionProperties) = preSolution
		HideSolutionNode = FALSE
	EndGlobalSection
	GlobalSection(ExtensibilityGlobals) = postSolution
		SolutionGuid = {69709EAF-5BBE-44FD-9BFC-4848838A6CEE}
	EndGlobalSection
EndGlobal
